{
  "name": "git-sha-webpack-plugin",
  "version": "0.0.6",
  "lockfileVersion": 2,
  "requires": true,
  "packages": {
    "": {
      "version": "0.0.6",
      "license": "MIT",
      "dependencies": {
        "async": "^2.6.4",
        "git-bundle-sha": "^0.0.2"
      }
    },
    "node_modules/async": {
      "version": "2.6.4",
      "resolved": "https://registry.npmjs.org/async/-/async-2.6.4.tgz",
      "integrity": "sha512-mzo5dfJYwAn29PeiJ0zvwTo04zj8HDJj0Mn8TD7sno7q12prdbnasKJHhkm2c1LgrhlJ0teaea8860oxi51mGA==",
      "dependencies": {
        "lodash": "^4.17.14"
      }
    },
    "node_modules/bluebird": {
      "version": "2.11.0",
      "resolved": "https://registry.npmjs.org/bluebird/-/bluebird-2.11.0.tgz",
      "integrity": "sha1-U0uQM8AiyVecVro7Plpcqvu2UOE="
    },
    "node_modules/git-bundle-sha": {
      "version": "0.0.2",
      "resolved": "https://registry.npmjs.org/git-bundle-sha/-/git-bundle-sha-0.0.2.tgz",
      "integrity": "sha1-VAtmbyC1Lm3u38douQ1ojjKGJKs=",
      "dependencies": {
        "bluebird": "^2.3.0"
      }
    },
    "node_modules/lodash": {
      "version": "4.17.21",
      "resolved": "https://registry.npmjs.org/lodash/-/lodash-4.17.21.tgz",
      "integrity": "sha512-v2kDEe57lecTulaDIuNTPy3Ry4gLGJ6Z1O3vE1krgXZNrsQ+LFTGHVxVjcXPs17LhbZVGedAJv8XZ1tvj5FvSg=="
    }
  },
  "dependencies": {
    "async": {
      "version": "2.6.4",
      "resolved": "https://registry.npmjs.org/async/-/async-2.6.4.tgz",
      "integrity": "sha512-mzo5dfJYwAn29PeiJ0zvwTo04zj8HDJj0Mn8TD7sno7q12prdbnasKJHhkm2c1LgrhlJ0teaea8860oxi51mGA==",
      "requires": {
        "lodash": "^4.17.14"
      }
    },
    "bluebird": {
      "version": "2.11.0",
      "resolved": "https://registry.npmjs.org/bluebird/-/bluebird-2.11.0.tgz",
      "integrity": "sha1-U0uQM8AiyVecVro7Plpcqvu2UOE="
    },
    "git-bundle-sha": {
      "version": "0.0.2",
      "resolved": "https://registry.npmjs.org/git-bundle-sha/-/git-bundle-sha-0.0.2.tgz",
      "integrity": "sha1-VAtmbyC1Lm3u38douQ1ojjKGJKs=",
      "requires": {
        "bluebird": "^2.3.0"
      }
    },
    "lodash": {
      "version": "4.17.21",
      "resolved": "https://registry.npmjs.org/lodash/-/lodash-4.17.21.tgz",
      "integrity": "sha512-v2kDEe57lecTulaDIuNTPy3Ry4gLGJ6Z1O3vE1krgXZNrsQ+LFTGHVxVjcXPs17LhbZVGedAJv8XZ1tvj5FvSg=="
    }
  }
}
