{
  "name": "git-sha-webpack-plugin",
  "version": "0.0.6",
  "lockfileVersion": 1,
  "requires": true,
  "dependencies": {
    "async": {
      "version": "0.9.2",
      "resolved": "https://npm.dev.s-cloud.net/async/-/async-0.9.2.tgz",
      "integrity": "sha1-rqdNXmHB+JlhO/ZL2mbUx48v0X0="
    },
    "bluebird": {
      "version": "2.11.0",
      "resolved": "https://npm.dev.s-cloud.net/bluebird/-/bluebird-2.11.0.tgz",
      "integrity": "sha1-U0uQM8AiyVecVro7Plpcqvu2UOE="
    },
    "git-bundle-sha": {
      "version": "0.0.2",
      "resolved": "https://npm.dev.s-cloud.net/git-bundle-sha/-/git-bundle-sha-0.0.2.tgz",
      "integrity": "sha1-VAtmbyC1Lm3u38douQ1ojjKGJKs=",
      "requires": {
        "bluebird": "^2.3.0"
      }
    }
  }
}
